
Microsoft Visual Studio Solution File, Format Version 12.00
# Visual Studio Version 17
VisualStudioVersion = 17.5.33402.96
MinimumVisualStudioVersion = 10.0.40219.1
Project("{8BC9CEB8-8B4A-11D0-8D11-00A0C91BC942}") = "pratice20234262", "pratice20234262.vcxproj", "{75E3EF7D-D527-4605-B75F-5DE76B93E503}"
EndProject
Global
	GlobalSection(SolutionConfigurationPlatforms) = preSolution
		Debug|x64 = Debug|x64
		Debug|x86 = Debug|x86
		Release|x64 = Release|x64
		Release|x86 = Release|x86
	EndGlobalSection
	GlobalSection(ProjectConfigurationPlatforms) = postSolution
		{75E3EF7D-D527-4605-B75F-5DE76B93E503}.Debug|x64.ActiveCfg = Debug|x64
		{75E3EF7D-D527-4605-B75F-5DE76B93E503}.Debug|x64.Build.0 = Debug|x64
		{75E3EF7D-D527-4605-B75F-5DE76B93E503}.Debug|x86.ActiveCfg = Debug|Win32
		{75E3EF7D-D527-4605-B75F-5DE76B93E503}.Debug|x86.Build.0 = Debug|Win32
		{75E3EF7D-D527-4605-B75F-5DE76B93E503}.Release|x64.ActiveCfg = Release|x64
		{75E3EF7D-D527-4605-B75F-5DE76B93E503}.Release|x64.Build.0 = Release|x64
		{75E3EF7D-D527-4605-B75F-5DE76B93E503}.Release|x86.ActiveCfg = Release|Win32
		{75E3EF7D-D527-4605-B75F-5DE76B93E503}.Release|x86.Build.0 = Release|Win32
	EndGlobalSection
	GlobalSection(SolutionProperties) = preSolution
		HideSolutionNode = FALSE
	EndGlobalSection
	GlobalSection(ExtensibilityGlobals) = postSolution
		SolutionGuid = {9D7265DE-0341-44E6-B86D-BB1DCC84C570}
	EndGlobalSection
EndGlobal
